// !$*UTF8*$!
{
	archiveVersion = 1;
	classes = {
	};
	objectVersion = 46;
	objects = {

/* Begin PBXBuildFile section */
		020F21D71B186219001D10B7 /* AppDelegate.swift in Sources */ = {isa = PBXBuildFile; fileRef = 020F21D61B186219001D10B7 /* AppDelegate.swift */; };
		020F21DA1B186219001D10B7 /* Fakultaet.xcdatamodeld in Sources */ = {isa = PBXBuildFile; fileRef = 020F21D81B186219001D10B7 /* Fakultaet.xcdatamodeld */; };
		020F21DC1B186219001D10B7 /* ViewController.swift in Sources */ = {isa = PBXBuildFile; fileRef = 020F21DB1B186219001D10B7 /* ViewController.swift */; };
		020F21DF1B186219001D10B7 /* Main.storyboard in Resources */ = {isa = PBXBuildFile; fileRef = 020F21DD1B186219001D10B7 /* Main.storyboard */; };
		020F21E11B186219001D10B7 /* Images.xcassets in Resources */ = {isa = PBXBuildFile; fileRef = 020F21E01B186219001D10B7 /* Images.xcassets */; };
		020F21E41B186219001D10B7 /* LaunchScreen.xib in Resources */ = {isa = PBXBuildFile; fileRef = 020F21E21B186219001D10B7 /* LaunchScreen.xib */; };
		020F21F01B186219001D10B7 /* FakultaetTests.swift in Sources */ = {isa = PBXBuildFile; fileRef = 020F21EF1B186219001D10B7 /* FakultaetTests.swift */; };
/* End PBXBuildFile section */

/* Begin PBXContainerItemProxy section */
		020F21EA1B186219001D10B7 /* PBXContainerItemProxy */ = {
			isa = PBXContainerItemProxy;
			containerPortal = 020F21C91B186219001D10B7 /* Project object */;
			proxyType = 1;
			remoteGlobalIDString = 020F21D01B186219001D10B7;
			remoteInfo = Fakultaet;
		};
/* End PBXContainerItemProxy section */

/* Begin PBXFileReference section */
		020F21D11B186219001D10B7 /* Fakultaet.app */ = {isa = PBXFileReference; explicitFileType = wrapper.application; includeInIndex = 0; path = Fakultaet.app; sourceTree = BUILT_PRODUCTS_DIR; };
		020F21D51B186219001D10B7 /* Info.plist */ = {isa = PBXFileReference; lastKnownFileType = text.plist.xml; path = Info.plist; sourceTree = "<group>"; };
		020F21D61B186219001D10B7 /* AppDelegate.swift */ = {isa = PBXFileReference; lastKnownFileType = sourcecode.swift; path = AppDelegate.swift; sourceTree = "<group>"; };
		020F21D91B186219001D10B7 /* Fakultaet.xcdatamodel */ = {isa = PBXFileReference; lastKnownFileType = wrapper.xcdatamodel; path = Fakultaet.xcdatamodel; sourceTree = "<group>"; };
		020F21DB1B186219001D10B7 /* ViewController.swift */ = {isa = PBXFileReference; lastKnownFileType = sourcecode.swift; path = ViewController.swift; sourceTree = "<group>"; };
		020F21DE1B186219001D10B7 /* Base */ = {isa = PBXFileReference; lastKnownFileType = file.storyboard; name = Base; path = Base.lproj/Main.storyboard; sourceTree = "<group>"; };
		020F21E01B186219001D10B7 /* Images.xcassets */ = {isa = PBXFileReference; lastKnownFileType = folder.assetcatalog; path = Images.xcassets; sourceTree = "<group>"; };
		020F21E31B186219001D10B7 /* Base */ = {isa = PBXFileReference; lastKnownFileType = file.xib; name = Base; path = Base.lproj/LaunchScreen.xib; sourceTree = "<group>"; };
		020F21E91B186219001D10B7 /* FakultaetTests.xctest */ = {isa = PBXFileReference; explicitFileType = wrapper.cfbundle; includeInIndex = 0; path = FakultaetTests.xctest; sourceTree = BUILT_PRODUCTS_DIR; };
		020F21EE1B186219001D10B7 /* Info.plist */ = {isa = PBXFileReference; lastKnownFileType = text.plist.xml; path = Info.plist; sourceTree = "<group>"; };
		020F21EF1B186219001D10B7 /* FakultaetTests.swift */ = {isa = PBXFileReference; lastKnownFileType = sourcecode.swift; path = FakultaetTests.swift; sourceTree = "<group>"; };
/* End PBXFileReference section */

/* Begin PBXFrameworksBuildPhase section */
		020F21CE1B186219001D10B7 /* Frameworks */ = {
			isa = PBXFrameworksBuildPhase;
			buildActionMask = 2147483647;
			files = (
			);
			runOnlyForDeploymentPostprocessing = 0;
		};
		020F21E61B186219001D10B7 /* Frameworks */ = {
			isa = PBXFrameworksBuildPhase;
			buildActionMask = 2147483647;
			files = (
			);
			runOnlyForDeploymentPostprocessing = 0;
		};
/* End PBXFrameworksBuildPhase section */

/* Begin PBXGroup section */
		020F21C81B186219001D10B7 = {
			isa = PBXGroup;
			children = (
				020F21D31B186219001D10B7 /* Fakultaet */,
				020F21EC1B186219001D10B7 /* FakultaetTests */,
				020F21D21B186219001D10B7 /* Products */,
			);
			sourceTree = "<group>";
		};
		020F21D21B186219001D10B7 /* Products */ = {
			isa = PBXGroup;
			children = (
				020F21D11B186219001D10B7 /* Fakultaet.app */,
				020F21E91B186219001D10B7 /* FakultaetTests.xctest */,
			);
			name = Products;
			sourceTree = "<group>";
		};
		020F21D31B186219001D10B7 /* Fakultaet */ = {
			isa = PBXGroup;
			children = (
				020F21D61B186219001D10B7 /* AppDelegate.swift */,
				020F21DB1B186219001D10B7 /* ViewController.swift */,
				020F21DD1B186219001D10B7 /* Main.storyboard */,
				020F21E01B186219001D10B7 /* Images.xcassets */,
				020F21E21B186219001D10B7 /* LaunchScreen.xib */,
				020F21D81B186219001D10B7 /* Fakultaet.xcdatamodeld */,
				020F21D41B186219001D10B7 /* Supporting Files */,
			);
			path = Fakultaet;
			sourceTree = "<group>";
		};
		020F21D41B186219001D10B7 /* Supporting Files */ = {
			isa = PBXGroup;
			children = (
				020F21D51B186219001D10B7 /* Info.plist */,
			);
			name = "Supporting Files";
			sourceTree = "<group>";
		};
		020F21EC1B186219001D10B7 /* FakultaetTests */ = {
			isa = PBXGroup;
			children = (
				020F21EF1B186219001D10B7 /* FakultaetTests.swift */,
				020F21ED1B186219001D10B7 /* Supporting Files */,
			);
			path = FakultaetTests;
			sourceTree = "<group>";
		};
		020F21ED1B186219001D10B7 /* Supporting Files */ = {
			isa = PBXGroup;
			children = (
				020F21EE1B186219001D10B7 /* Info.plist */,
			);
			name = "Supporting Files";
			sourceTree = "<group>";
		};
/* End PBXGroup section */

/* Begin PBXNativeTarget section */
		020F21D01B186219001D10B7 /* Fakultaet */ = {
			isa = PBXNativeTarget;
			buildConfigurationList = 020F21F31B186219001D10B7 /* Build configuration list for PBXNativeTarget "Fakultaet" */;
			buildPhases = (
				020F21CD1B186219001D10B7 /* Sources */,
				020F21CE1B186219001D10B7 /* Frameworks */,
				020F21CF1B186219001D10B7 /* Resources */,
			);
			buildRules = (
			);
			dependencies = (
			);
			name = Fakultaet;
			productName = Fakultaet;
			productReference = 020F21D11B186219001D10B7 /* Fakultaet.app */;
			productType = "com.apple.product-type.application";
		};
		020F21E81B186219001D10B7 /* FakultaetTests */ = {
			isa = PBXNativeTarget;
			buildConfigurationList = 020F21F61B186219001D10B7 /* Build configuration list for PBXNativeTarget "FakultaetTests" */;
			buildPhases = (
				020F21E51B186219001D10B7 /* Sources */,
				020F21E61B186219001D10B7 /* Frameworks */,
				020F21E71B186219001D10B7 /* Resources */,
			);
			buildRules = (
			);
			dependencies = (
				020F21EB1B186219001D10B7 /* PBXTargetDependency */,
			);
			name = FakultaetTests;
			productName = FakultaetTests;
			productReference = 020F21E91B186219001D10B7 /* FakultaetTests.xctest */;
			productType = "com.apple.product-type.bundle.unit-test";
		};
/* End PBXNativeTarget section */

/* Begin PBXProject section */
		020F21C91B186219001D10B7 /* Project object */ = {
			isa = PBXProject;
			attributes = {
				LastUpgradeCheck = 0630;
				ORGANIZATIONNAME = "Jan Brinkmann";
				TargetAttributes = {
					020F21D01B186219001D10B7 = {
						CreatedOnToolsVersion = 6.3.1;
					};
					020F21E81B186219001D10B7 = {
						CreatedOnToolsVersion = 6.3.1;
						TestTargetID = 020F21D01B186219001D10B7;
					};
				};
			};
			buildConfigurationList = 020F21CC1B186219001D10B7 /* Build configuration list for PBXProject "Fakultaet" */;
			compatibilityVersion = "Xcode 3.2";
			developmentRegion = English;
			hasScannedForEncodings = 0;
			knownRegions = (
				en,
				Base,
			);
			mainGroup = 020F21C81B186219001D10B7;
			productRefGroup = 020F21D21B186219001D10B7 /* Products */;
			projectDirPath = "";
			projectRoot = "";
			targets = (
				020F21D01B186219001D10B7 /* Fakultaet */,
				020F21E81B186219001D10B7 /* FakultaetTests */,
			);
		};
/* End PBXProject section */

/* Begin PBXResourcesBuildPhase section */
		020F21CF1B186219001D10B7 /* Resources */ = {
			isa = PBXResourcesBuildPhase;
			buildActionMask = 2147483647;
			files = (
				020F21DF1B186219001D10B7 /* Main.storyboard in Resources */,
				020F21E41B186219001D10B7 /* LaunchScreen.xib in Resources */,
				020F21E11B186219001D10B7 /* Images.xcassets in Resources */,
			);
			runOnlyForDeploymentPostprocessing = 0;
		};
		020F21E71B186219001D10B7 /* Resources */ = {
			isa = PBXResourcesBuildPhase;
			buildActionMask = 2147483647;
			files = (
			);
			runOnlyForDeploymentPostprocessing = 0;
		};
/* End PBXResourcesBuildPhase section */

/* Begin PBXSourcesBuildPhase section */
		020F21CD1B186219001D10B7 /* Sources */ = {
			isa = PBXSourcesBuildPhase;
			buildActionMask = 2147483647;
			files = (
				020F21DC1B186219001D10B7 /* ViewController.swift in Sources */,
				020F21D71B186219001D10B7 /* AppDelegate.swift in Sources */,
				020F21DA1B186219001D10B7 /* Fakultaet.xcdatamodeld in Sources */,
			);
			runOnlyForDeploymentPostprocessing = 0;
		};
		020F21E51B186219001D10B7 /* Sources */ = {
			isa = PBXSourcesBuildPhase;
			buildActionMask = 2147483647;
			files = (
				020F21F01B186219001D10B7 /* FakultaetTests.swift in Sources */,
			);
			runOnlyForDeploymentPostprocessing = 0;
		};
/* End PBXSourcesBuildPhase section */

/* Begin PBXTargetDependency section */
		020F21EB1B186219001D10B7 /* PBXTargetDependency */ = {
			isa = PBXTargetDependency;
			target = 020F21D01B186219001D10B7 /* Fakultaet */;
			targetProxy = 020F21EA1B186219001D10B7 /* PBXContainerItemProxy */;
		};
/* End PBXTargetDependency section */

/* Begin PBXVariantGroup section */
		020F21DD1B186219001D10B7 /* Main.storyboard */ = {
			isa = PBXVariantGroup;
			children = (
				020F21DE1B186219001D10B7 /* Base */,
			);
			name = Main.storyboard;
			sourceTree = "<group>";
		};
		020F21E21B186219001D10B7 /* LaunchScreen.xib */ = {
			isa = PBXVariantGroup;
			children = (
				020F21E31B186219001D10B7 /* Base */,
			);
			name = LaunchScreen.xib;
			sourceTree = "<group>";
		};
/* End PBXVariantGroup section */

/* Begin XCBuildConfiguration section */
		020F21F11B186219001D10B7 /* Debug */ = {
			isa = XCBuildConfiguration;
			buildSettings = {
				ALWAYS_SEARCH_USER_PATHS = NO;
				CLANG_CXX_LANGUAGE_STANDARD = "gnu++0x";
				CLANG_CXX_LIBRARY = "libc++";
				CLANG_ENABLE_MODULES = YES;
				CLANG_ENABLE_OBJC_ARC = YES;
				CLANG_WARN_BOOL_CONVERSION = YES;
				CLANG_WARN_CONSTANT_CONVERSION = YES;
				CLANG_WARN_DIRECT_OBJC_ISA_USAGE = YES_ERROR;
				CLANG_WARN_EMPTY_BODY = YES;
				CLANG_WARN_ENUM_CONVERSION = YES;
				CLANG_WARN_INT_CONVERSION = YES;
				CLANG_WARN_OBJC_ROOT_CLASS = YES_ERROR;
				CLANG_WARN_UNREACHABLE_CODE = YES;
				CLANG_WARN__DUPLICATE_METHOD_MATCH = YES;
				"CODE_SIGN_IDENTITY[sdk=iphoneos*]" = "iPhone Developer";
				COPY_PHASE_STRIP = NO;
				DEBUG_INFORMATION_FORMAT = "dwarf-with-dsym";
				ENABLE_STRICT_OBJC_MSGSEND = YES;
				GCC_C_LANGUAGE_STANDARD = gnu99;
				GCC_DYNAMIC_NO_PIC = NO;
				GCC_NO_COMMON_BLOCKS = YES;
				GCC_OPTIMIZATION_LEVEL = 0;
				GCC_PREPROCESSOR_DEFINITIONS = (
					"DEBUG=1",
					"$(inherited)",
				);
				GCC_SYMBOLS_PRIVATE_EXTERN = NO;
				GCC_WARN_64_TO_32_BIT_CONVERSION = YES;
				GCC_WARN_ABOUT_RETURN_TYPE = YES_ERROR;
				GCC_WARN_UNDECLARED_SELECTOR = YES;
				GCC_WARN_UNINITIALIZED_AUTOS = YES_AGGRESSIVE;
				GCC_WARN_UNUSED_FUNCTION = YES;
				GCC_WARN_UNUSED_VARIABLE = YES;
				IPHONEOS_DEPLOYMENT_TARGET = 8.3;
				MTL_ENABLE_DEBUG_INFO = YES;
				ONLY_ACTIVE_ARCH = YES;
				SDKROOT = iphoneos;
				SWIFT_OPTIMIZATION_LEVEL = "-Onone";
				TARGETED_DEVICE_FAMILY = "1,2";
			};
			name = Debug;
		};
		020F21F21B186219001D10B7 /* Release */ = {
			isa = XCBuildConfiguration;
			buildSettings = {
				ALWAYS_SEARCH_USER_PATHS = NO;
				CLANG_CXX_LANGUAGE_STANDARD = "gnu++0x";
				CLANG_CXX_LIBRARY = "libc++";
				CLANG_ENABLE_MODULES = YES;
				CLANG_ENABLE_OBJC_ARC = YES;
				CLANG_WARN_BOOL_CONVERSION = YES;
				CLANG_WARN_CONSTANT_CONVERSION = YES;
				CLANG_WARN_DIRECT_OBJC_ISA_USAGE = YES_ERROR;
				CLANG_WARN_EMPTY_BODY = YES;
				CLANG_WARN_ENUM_CONVERSION = YES;
				CLANG_WARN_INT_CONVERSION = YES;
				CLANG_WARN_OBJC_ROOT_CLASS = YES_ERROR;
				CLANG_WARN_UNREACHABLE_CODE = YES;
				CLANG_WARN__DUPLICATE_METHOD_MATCH = YES;
				"CODE_SIGN_IDENTITY[sdk=iphoneos*]" = "iPhone Developer";
				COPY_PHASE_STRIP = NO;
				DEBUG_INFORMATION_FORMAT = "dwarf-with-dsym";
				ENABLE_NS_ASSERTIONS = NO;
				ENABLE_STRICT_OBJC_MSGSEND = YES;
				GCC_C_LANGUAGE_STANDARD = gnu99;
				GCC_NO_COMMON_BLOCKS = YES;
				GCC_WARN_64_TO_32_BIT_CONVERSION = YES;
				GCC_WARN_ABOUT_RETURN_TYPE = YES_ERROR;
				GCC_WARN_UNDECLARED_SELECTOR = YES;
				GCC_WARN_UNINITIALIZED_AUTOS = YES_AGGRESSIVE;
				GCC_WARN_UNUSED_FUNCTION = YES;
				GCC_WARN_UNUSED_VARIABLE = YES;
				IPHONEOS_DEPLOYMENT_TARGET = 8.3;
				MTL_ENABLE_DEBUG_INFO = NO;
				SDKROOT = iphoneos;
				TARGETED_DEVICE_FAMILY = "1,2";
				VALIDATE_PRODUCT = YES;
			};
			name = Release;
		};
		020F21F41B186219001D10B7 /* Debug */ = {
			isa = XCBuildConfiguration;
			buildSettings = {
				ASSETCATALOG_COMPILER_APPICON_NAME = AppIcon;
				INFOPLIST_FILE = Fakultaet/Info.plist;
				LD_RUNPATH_SEARCH_PATHS = "$(inherited) @executable_path/Frameworks";
				PRODUCT_NAME = "$(TARGET_NAME)";
			};
			name = Debug;
		};
		020F21F51B186219001D10B7 /* Release */ = {
			isa = XCBuildConfiguration;
			buildSettings = {
				ASSETCATALOG_COMPILER_APPICON_NAME = AppIcon;
				INFOPLIST_FILE = Fakultaet/Info.plist;
				LD_RUNPATH_SEARCH_PATHS = "$(inherited) @executable_path/Frameworks";
				PRODUCT_NAME = "$(TARGET_NAME)";
			};
			name = Release;
		};
		020F21F71B186219001D10B7 /* Debug */ = {
			isa = XCBuildConfiguration;
			buildSettings = {
				BUNDLE_LOADER = "$(TEST_HOST)";
				FRAMEWORK_SEARCH_PATHS = (
					"$(SDKROOT)/Developer/Library/Frameworks",
					"$(inherited)",
				);
				GCC_PREPROCESSOR_DEFINITIONS = (
					"DEBUG=1",
					"$(inherited)",
				);
				INFOPLIST_FILE = FakultaetTests/Info.plist;
				LD_RUNPATH_SEARCH_PATHS = "$(inherited) @executable_path/Frameworks @loader_path/Frameworks";
				PRODUCT_NAME = "$(TARGET_NAME)";
				TEST_HOST = "$(BUILT_PRODUCTS_DIR)/Fakultaet.app/Fakultaet";
			};
			name = Debug;
		};
		020F21F81B186219001D10B7 /* Release */ = {
			isa = XCBuildConfiguration;
			buildSettings = {
				BUNDLE_LOADER = "$(TEST_HOST)";
				FRAMEWORK_SEARCH_PATHS = (
					"$(SDKROOT)/Developer/Library/Frameworks",
					"$(inherited)",
				);
				INFOPLIST_FILE = FakultaetTests/Info.plist;
				LD_RUNPATH_SEARCH_PATHS = "$(inherited) @executable_path/Frameworks @loader_path/Frameworks";
				PRODUCT_NAME = "$(TARGET_NAME)";
				TEST_HOST = "$(BUILT_PRODUCTS_DIR)/Fakultaet.app/Fakultaet";
			};
			name = Release;
		};
/* End XCBuildConfiguration section */

/* Begin XCConfigurationList section */
		020F21CC1B186219001D10B7 /* Build configuration list for PBXProject "Fakultaet" */ = {
			isa = XCConfigurationList;
			buildConfigurations = (
				020F21F11B186219001D10B7 /* Debug */,
				020F21F21B186219001D10B7 /* Release */,
			);
			defaultConfigurationIsVisible = 0;
			defaultConfigurationName = Release;
		};
		020F21F31B186219001D10B7 /* Build configuration list for PBXNativeTarget "Fakultaet" */ = {
			isa = XCConfigurationList;
			buildConfigurations = (
				020F21F41B186219001D10B7 /* Debug */,
				020F21F51B186219001D10B7 /* Release */,
			);
			defaultConfigurationIsVisible = 0;
		};
		020F21F61B186219001D10B7 /* Build configuration list for PBXNativeTarget "FakultaetTests" */ = {
			isa = XCConfigurationList;
			buildConfigurations = (
				020F21F71B186219001D10B7 /* Debug */,
				020F21F81B186219001D10B7 /* Release */,
			);
			defaultConfigurationIsVisible = 0;
		};
/* End XCConfigurationList section */

/* Begin XCVersionGroup section */
		020F21D81B186219001D10B7 /* Fakultaet.xcdatamodeld */ = {
			isa = XCVersionGroup;
			children = (
				020F21D91B186219001D10B7 /* Fakultaet.xcdatamodel */,
			);
			currentVersion = 020F21D91B186219001D10B7 /* Fakultaet.xcdatamodel */;
			path = Fakultaet.xcdatamodeld;
			sourceTree = "<group>";
			versionGroupType = wrapper.xcdatamodel;
		};
/* End XCVersionGroup section */
	};
	rootObject = 020F21C91B186219001D10B7 /* Project object */;
}
